
Microsoft Visual Studio Solution File, Format Version 12.00
# Visual Studio Version 17
VisualStudioVersion = 17.4.33213.308
MinimumVisualStudioVersion = 10.0.40219.1
Project("{FAE04EC0-301F-11D3-BF4B-00C04F79EFBC}") = "FinderSeeker", "FinderSeeker\FinderSeeker.csproj", "{EFD1CBA1-5371-4505-A6CE-FCAE30465D8E}"
EndProject
Global
	GlobalSection(SolutionConfigurationPlatforms) = preSolution
		Debug|Any CPU = Debug|Any CPU
		Release|Any CPU = Release|Any CPU
	EndGlobalSection
	GlobalSection(ProjectConfigurationPlatforms) = postSolution
		{EFD1CBA1-5371-4505-A6CE-FCAE30465D8E}.Debug|Any CPU.ActiveCfg = Debug|Any CPU
		{EFD1CBA1-5371-4505-A6CE-FCAE30465D8E}.Debug|Any CPU.Build.0 = Debug|Any CPU
		{EFD1CBA1-5371-4505-A6CE-FCAE30465D8E}.Release|Any CPU.ActiveCfg = Release|Any CPU
		{EFD1CBA1-5371-4505-A6CE-FCAE30465D8E}.Release|Any CPU.Build.0 = Release|Any CPU
	EndGlobalSection
	GlobalSection(SolutionProperties) = preSolution
		HideSolutionNode = FALSE
	EndGlobalSection
	GlobalSection(ExtensibilityGlobals) = postSolution
		SolutionGuid = {F5E68D09-9135-42DE-8C2A-C1C29FD8F92B}
	EndGlobalSection
EndGlobal
